
Microsoft Visual Studio Solution File, Format Version 12.00
# Visual Studio Version 17
VisualStudioVersion = 17.13.36105.23
MinimumVisualStudioVersion = 10.0.40219.1
Project("{FAE04EC0-301F-11D3-BF4B-00C04F79EFBC}") = "praktika2", "praktika2\praktika2.csproj", "{BBFF7423-B755-4E6A-BF71-672305F48C2D}"
EndProject
Project("{FAE04EC0-301F-11D3-BF4B-00C04F79EFBC}") = "MyLibrary", "MyLibrary\MyLibrary.csproj", "{19957655-7F42-4D7E-9F17-05ABB49195D5}"
EndProject
Global
	GlobalSection(SolutionConfigurationPlatforms) = preSolution
		Debug|Any CPU = Debug|Any CPU
		Release|Any CPU = Release|Any CPU
	EndGlobalSection
	GlobalSection(ProjectConfigurationPlatforms) = postSolution
		{BBFF7423-B755-4E6A-BF71-672305F48C2D}.Debug|Any CPU.ActiveCfg = Debug|Any CPU
		{BBFF7423-B755-4E6A-BF71-672305F48C2D}.Debug|Any CPU.Build.0 = Debug|Any CPU
		{BBFF7423-B755-4E6A-BF71-672305F48C2D}.Release|Any CPU.ActiveCfg = Release|Any CPU
		{BBFF7423-B755-4E6A-BF71-672305F48C2D}.Release|Any CPU.Build.0 = Release|Any CPU
		{19957655-7F42-4D7E-9F17-05ABB49195D5}.Debug|Any CPU.ActiveCfg = Debug|Any CPU
		{19957655-7F42-4D7E-9F17-05ABB49195D5}.Debug|Any CPU.Build.0 = Debug|Any CPU
		{19957655-7F42-4D7E-9F17-05ABB49195D5}.Release|Any CPU.ActiveCfg = Release|Any CPU
		{19957655-7F42-4D7E-9F17-05ABB49195D5}.Release|Any CPU.Build.0 = Release|Any CPU
	EndGlobalSection
	GlobalSection(SolutionProperties) = preSolution
		HideSolutionNode = FALSE
	EndGlobalSection
	GlobalSection(ExtensibilityGlobals) = postSolution
		SolutionGuid = {B4307239-4814-49F1-A2A3-1E2F5FED8493}
	EndGlobalSection
EndGlobal
